
Microsoft Visual Studio Solution File, Format Version 12.00
# Visual Studio Version 17
VisualStudioVersion = 17.5.33516.290
MinimumVisualStudioVersion = 10.0.40219.1
Project("{FAE04EC0-301F-11D3-BF4B-00C04F79EFBC}") = "Summator", "Summator\Summator.csproj", "{2A73F602-4DE3-41D2-877B-903462C2784F}"
EndProject
Project("{FAE04EC0-301F-11D3-BF4B-00C04F79EFBC}") = "Summator.Tests", "Summator.Tests\Summator.Tests.csproj", "{77863CB2-A76D-414C-8EBB-15927F1B9439}"
EndProject
Global
	GlobalSection(SolutionConfigurationPlatforms) = preSolution
		Debug|Any CPU = Debug|Any CPU
		Release|Any CPU = Release|Any CPU
	EndGlobalSection
	GlobalSection(ProjectConfigurationPlatforms) = postSolution
		{2A73F602-4DE3-41D2-877B-903462C2784F}.Debug|Any CPU.ActiveCfg = Debug|Any CPU
		{2A73F602-4DE3-41D2-877B-903462C2784F}.Debug|Any CPU.Build.0 = Debug|Any CPU
		{2A73F602-4DE3-41D2-877B-903462C2784F}.Release|Any CPU.ActiveCfg = Release|Any CPU
		{2A73F602-4DE3-41D2-877B-903462C2784F}.Release|Any CPU.Build.0 = Release|Any CPU
		{77863CB2-A76D-414C-8EBB-15927F1B9439}.Debug|Any CPU.ActiveCfg = Debug|Any CPU
		{77863CB2-A76D-414C-8EBB-15927F1B9439}.Debug|Any CPU.Build.0 = Debug|Any CPU
		{77863CB2-A76D-414C-8EBB-15927F1B9439}.Release|Any CPU.ActiveCfg = Release|Any CPU
		{77863CB2-A76D-414C-8EBB-15927F1B9439}.Release|Any CPU.Build.0 = Release|Any CPU
	EndGlobalSection
	GlobalSection(SolutionProperties) = preSolution
		HideSolutionNode = FALSE
	EndGlobalSection
	GlobalSection(ExtensibilityGlobals) = postSolution
		SolutionGuid = {C7B0A9B5-F334-451C-A988-6A127A3E2165}
	EndGlobalSection
EndGlobal
